// !$*UTF8*$!
{
	archiveVersion = 1;
	classes = {
	};
	objectVersion = 46;
	objects = {

/* Begin PBXBuildFile section */
		940BEC171AE18B50003329A2 /* MapKit.framework in Frameworks */ = {isa = PBXBuildFile; fileRef = 940BEC161AE18B50003329A2 /* MapKit.framework */; };
		940BEC1F1AE18E97003329A2 /* Bolts.framework in Frameworks */ = {isa = PBXBuildFile; fileRef = 940BEC191AE18E97003329A2 /* Bolts.framework */; };
		940BEC201AE18E97003329A2 /* Parse.framework in Frameworks */ = {isa = PBXBuildFile; fileRef = 940BEC1A1AE18E97003329A2 /* Parse.framework */; };
		940BEC211AE18E97003329A2 /* ParseCrashReporting.framework in Frameworks */ = {isa = PBXBuildFile; fileRef = 940BEC1B1AE18E97003329A2 /* ParseCrashReporting.framework */; };
		940BEC221AE18E97003329A2 /* ParseFacebookUtils.framework in Frameworks */ = {isa = PBXBuildFile; fileRef = 940BEC1C1AE18E97003329A2 /* ParseFacebookUtils.framework */; };
		940BEC231AE18E97003329A2 /* ParseFacebookUtilsV4.framework in Frameworks */ = {isa = PBXBuildFile; fileRef = 940BEC1D1AE18E97003329A2 /* ParseFacebookUtilsV4.framework */; };
		940BEC241AE18E97003329A2 /* ParseUI.framework in Frameworks */ = {isa = PBXBuildFile; fileRef = 940BEC1E1AE18E97003329A2 /* ParseUI.framework */; };
		940BEC261AE18ED8003329A2 /* AudioToolbox.framework in Frameworks */ = {isa = PBXBuildFile; fileRef = 940BEC251AE18ED8003329A2 /* AudioToolbox.framework */; };
		940BEC281AE18EE3003329A2 /* CFNetwork.framework in Frameworks */ = {isa = PBXBuildFile; fileRef = 940BEC271AE18EE3003329A2 /* CFNetwork.framework */; };
		940BEC2A1AE18EEB003329A2 /* CoreGraphics.framework in Frameworks */ = {isa = PBXBuildFile; fileRef = 940BEC291AE18EEB003329A2 /* CoreGraphics.framework */; };
		940BEC2C1AE18EF3003329A2 /* CoreLocation.framework in Frameworks */ = {isa = PBXBuildFile; fileRef = 940BEC2B1AE18EF3003329A2 /* CoreLocation.framework */; };
		940BEC2E1AE18EFB003329A2 /* MobileCoreServices.framework in Frameworks */ = {isa = PBXBuildFile; fileRef = 940BEC2D1AE18EFB003329A2 /* MobileCoreServices.framework */; };
		940BEC301AE18F04003329A2 /* QuartzCore.framework in Frameworks */ = {isa = PBXBuildFile; fileRef = 940BEC2F1AE18F04003329A2 /* QuartzCore.framework */; };
		940BEC321AE18F0A003329A2 /* Security.framework in Frameworks */ = {isa = PBXBuildFile; fileRef = 940BEC311AE18F0A003329A2 /* Security.framework */; };
		940BEC341AE18F13003329A2 /* StoreKit.framework in Frameworks */ = {isa = PBXBuildFile; fileRef = 940BEC331AE18F13003329A2 /* StoreKit.framework */; };
		940BEC361AE18F1B003329A2 /* SystemConfiguration.framework in Frameworks */ = {isa = PBXBuildFile; fileRef = 940BEC351AE18F1B003329A2 /* SystemConfiguration.framework */; };
		940BEC381AE18F23003329A2 /* libz.dylib in Frameworks */ = {isa = PBXBuildFile; fileRef = 940BEC371AE18F23003329A2 /* libz.dylib */; };
		940BEC3A1AE18F2E003329A2 /* libsqlite3.dylib in Frameworks */ = {isa = PBXBuildFile; fileRef = 940BEC391AE18F2E003329A2 /* libsqlite3.dylib */; };
		952E7BB61ADC50F200CD41BE /* SiteInfoViewController.swift in Sources */ = {isa = PBXBuildFile; fileRef = 952E7BB51ADC50F200CD41BE /* SiteInfoViewController.swift */; };
		952E7BB81ADC523700CD41BE /* SiteTableViewCell.swift in Sources */ = {isa = PBXBuildFile; fileRef = 952E7BB71ADC523700CD41BE /* SiteTableViewCell.swift */; };
		952E7BBA1ADC53D700CD41BE /* SiteMapViewController.swift in Sources */ = {isa = PBXBuildFile; fileRef = 952E7BB91ADC53D700CD41BE /* SiteMapViewController.swift */; };
		952E7BBC1AE07DB200CD41BE /* SitesWebViewController.swift in Sources */ = {isa = PBXBuildFile; fileRef = 952E7BBB1AE07DB200CD41BE /* SitesWebViewController.swift */; };
		95F793151ACC7B2B006D1E74 /* AppDelegate.swift in Sources */ = {isa = PBXBuildFile; fileRef = 95F793141ACC7B2B006D1E74 /* AppDelegate.swift */; };
		95F793171ACC7B2B006D1E74 /* HomeViewController.swift in Sources */ = {isa = PBXBuildFile; fileRef = 95F793161ACC7B2B006D1E74 /* HomeViewController.swift */; };
		95F793191ACC7B2B006D1E74 /* SitesTableViewController.swift in Sources */ = {isa = PBXBuildFile; fileRef = 95F793181ACC7B2B006D1E74 /* SitesTableViewController.swift */; };
		95F7931C1ACC7B2B006D1E74 /* Main.storyboard in Resources */ = {isa = PBXBuildFile; fileRef = 95F7931A1ACC7B2B006D1E74 /* Main.storyboard */; };
		95F7931E1ACC7B2B006D1E74 /* Images.xcassets in Resources */ = {isa = PBXBuildFile; fileRef = 95F7931D1ACC7B2B006D1E74 /* Images.xcassets */; };
		95F793211ACC7B2B006D1E74 /* LaunchScreen.xib in Resources */ = {isa = PBXBuildFile; fileRef = 95F7931F1ACC7B2B006D1E74 /* LaunchScreen.xib */; };
		95F7932D1ACC7B2B006D1E74 /* CivilWarDrivingTourTests.swift in Sources */ = {isa = PBXBuildFile; fileRef = 95F7932C1ACC7B2B006D1E74 /* CivilWarDrivingTourTests.swift */; };
		95F793371AD30ECA006D1E74 /* Sites.plist in Resources */ = {isa = PBXBuildFile; fileRef = 95F793361AD30ECA006D1E74 /* Sites.plist */; };
/* End PBXBuildFile section */

/* Begin PBXContainerItemProxy section */
		95F793271ACC7B2B006D1E74 /* PBXContainerItemProxy */ = {
			isa = PBXContainerItemProxy;
			containerPortal = 95F793071ACC7B2B006D1E74 /* Project object */;
			proxyType = 1;
			remoteGlobalIDString = 95F7930E1ACC7B2B006D1E74;
			remoteInfo = CivilWarDrivingTour;
		};
/* End PBXContainerItemProxy section */

/* Begin PBXFileReference section */
		940BEC161AE18B50003329A2 /* MapKit.framework */ = {isa = PBXFileReference; lastKnownFileType = wrapper.framework; name = MapKit.framework; path = System/Library/Frameworks/MapKit.framework; sourceTree = SDKROOT; };
		940BEC191AE18E97003329A2 /* Bolts.framework */ = {isa = PBXFileReference; lastKnownFileType = wrapper.framework; path = Bolts.framework; sourceTree = "<group>"; };
		940BEC1A1AE18E97003329A2 /* Parse.framework */ = {isa = PBXFileReference; lastKnownFileType = wrapper.framework; path = Parse.framework; sourceTree = "<group>"; };
		940BEC1B1AE18E97003329A2 /* ParseCrashReporting.framework */ = {isa = PBXFileReference; lastKnownFileType = wrapper.framework; path = ParseCrashReporting.framework; sourceTree = "<group>"; };
		940BEC1C1AE18E97003329A2 /* ParseFacebookUtils.framework */ = {isa = PBXFileReference; lastKnownFileType = wrapper.framework; path = ParseFacebookUtils.framework; sourceTree = "<group>"; };
		940BEC1D1AE18E97003329A2 /* ParseFacebookUtilsV4.framework */ = {isa = PBXFileReference; lastKnownFileType = wrapper.framework; path = ParseFacebookUtilsV4.framework; sourceTree = "<group>"; };
		940BEC1E1AE18E97003329A2 /* ParseUI.framework */ = {isa = PBXFileReference; lastKnownFileType = wrapper.framework; path = ParseUI.framework; sourceTree = "<group>"; };
		940BEC251AE18ED8003329A2 /* AudioToolbox.framework */ = {isa = PBXFileReference; lastKnownFileType = wrapper.framework; name = AudioToolbox.framework; path = System/Library/Frameworks/AudioToolbox.framework; sourceTree = SDKROOT; };
		940BEC271AE18EE3003329A2 /* CFNetwork.framework */ = {isa = PBXFileReference; lastKnownFileType = wrapper.framework; name = CFNetwork.framework; path = System/Library/Frameworks/CFNetwork.framework; sourceTree = SDKROOT; };
		940BEC291AE18EEB003329A2 /* CoreGraphics.framework */ = {isa = PBXFileReference; lastKnownFileType = wrapper.framework; name = CoreGraphics.framework; path = System/Library/Frameworks/CoreGraphics.framework; sourceTree = SDKROOT; };
		940BEC2B1AE18EF3003329A2 /* CoreLocation.framework */ = {isa = PBXFileReference; lastKnownFileType = wrapper.framework; name = CoreLocation.framework; path = System/Library/Frameworks/CoreLocation.framework; sourceTree = SDKROOT; };
		940BEC2D1AE18EFB003329A2 /* MobileCoreServices.framework */ = {isa = PBXFileReference; lastKnownFileType = wrapper.framework; name = MobileCoreServices.framework; path = System/Library/Frameworks/MobileCoreServices.framework; sourceTree = SDKROOT; };
		940BEC2F1AE18F04003329A2 /* QuartzCore.framework */ = {isa = PBXFileReference; lastKnownFileType = wrapper.framework; name = QuartzCore.framework; path = System/Library/Frameworks/QuartzCore.framework; sourceTree = SDKROOT; };
		940BEC311AE18F0A003329A2 /* Security.framework */ = {isa = PBXFileReference; lastKnownFileType = wrapper.framework; name = Security.framework; path = System/Library/Frameworks/Security.framework; sourceTree = SDKROOT; };
		940BEC331AE18F13003329A2 /* StoreKit.framework */ = {isa = PBXFileReference; lastKnownFileType = wrapper.framework; name = StoreKit.framework; path = System/Library/Frameworks/StoreKit.framework; sourceTree = SDKROOT; };
		940BEC351AE18F1B003329A2 /* SystemConfiguration.framework */ = {isa = PBXFileReference; lastKnownFileType = wrapper.framework; name = SystemConfiguration.framework; path = System/Library/Frameworks/SystemConfiguration.framework; sourceTree = SDKROOT; };
		940BEC371AE18F23003329A2 /* libz.dylib */ = {isa = PBXFileReference; lastKnownFileType = "compiled.mach-o.dylib"; name = libz.dylib; path = usr/lib/libz.dylib; sourceTree = SDKROOT; };
		940BEC391AE18F2E003329A2 /* libsqlite3.dylib */ = {isa = PBXFileReference; lastKnownFileType = "compiled.mach-o.dylib"; name = libsqlite3.dylib; path = usr/lib/libsqlite3.dylib; sourceTree = SDKROOT; };
		940BEC3B1AE18F4D003329A2 /* CivilWarDrivingTour-Bridging-Header.h */ = {isa = PBXFileReference; lastKnownFileType = sourcecode.c.h; path = "CivilWarDrivingTour-Bridging-Header.h"; sourceTree = "<group>"; };
		952E7BB51ADC50F200CD41BE /* SiteInfoViewController.swift */ = {isa = PBXFileReference; fileEncoding = 4; lastKnownFileType = sourcecode.swift; path = SiteInfoViewController.swift; sourceTree = "<group>"; };
		952E7BB71ADC523700CD41BE /* SiteTableViewCell.swift */ = {isa = PBXFileReference; fileEncoding = 4; lastKnownFileType = sourcecode.swift; path = SiteTableViewCell.swift; sourceTree = "<group>"; };
		952E7BB91ADC53D700CD41BE /* SiteMapViewController.swift */ = {isa = PBXFileReference; fileEncoding = 4; lastKnownFileType = sourcecode.swift; path = SiteMapViewController.swift; sourceTree = "<group>"; };
		952E7BBB1AE07DB200CD41BE /* SitesWebViewController.swift */ = {isa = PBXFileReference; fileEncoding = 4; lastKnownFileType = sourcecode.swift; path = SitesWebViewController.swift; sourceTree = "<group>"; };
		95F7930F1ACC7B2B006D1E74 /* CivilWarDrivingTour.app */ = {isa = PBXFileReference; explicitFileType = wrapper.application; includeInIndex = 0; path = CivilWarDrivingTour.app; sourceTree = BUILT_PRODUCTS_DIR; };
		95F793131ACC7B2B006D1E74 /* Info.plist */ = {isa = PBXFileReference; lastKnownFileType = text.plist.xml; path = Info.plist; sourceTree = "<group>"; };
		95F793141ACC7B2B006D1E74 /* AppDelegate.swift */ = {isa = PBXFileReference; lastKnownFileType = sourcecode.swift; path = AppDelegate.swift; sourceTree = "<group>"; };
		95F793161ACC7B2B006D1E74 /* HomeViewController.swift */ = {isa = PBXFileReference; lastKnownFileType = sourcecode.swift; path = HomeViewController.swift; sourceTree = "<group>"; };
		95F793181ACC7B2B006D1E74 /* SitesTableViewController.swift */ = {isa = PBXFileReference; lastKnownFileType = sourcecode.swift; path = SitesTableViewController.swift; sourceTree = "<group>"; };
		95F7931B1ACC7B2B006D1E74 /* Base */ = {isa = PBXFileReference; lastKnownFileType = file.storyboard; name = Base; path = Base.lproj/Main.storyboard; sourceTree = "<group>"; };
		95F7931D1ACC7B2B006D1E74 /* Images.xcassets */ = {isa = PBXFileReference; lastKnownFileType = folder.assetcatalog; path = Images.xcassets; sourceTree = "<group>"; };
		95F793201ACC7B2B006D1E74 /* Base */ = {isa = PBXFileReference; lastKnownFileType = file.xib; name = Base; path = Base.lproj/LaunchScreen.xib; sourceTree = "<group>"; };
		95F793261ACC7B2B006D1E74 /* CivilWarDrivingTourTests.xctest */ = {isa = PBXFileReference; explicitFileType = wrapper.cfbundle; includeInIndex = 0; path = CivilWarDrivingTourTests.xctest; sourceTree = BUILT_PRODUCTS_DIR; };
		95F7932B1ACC7B2B006D1E74 /* Info.plist */ = {isa = PBXFileReference; lastKnownFileType = text.plist.xml; path = Info.plist; sourceTree = "<group>"; };
		95F7932C1ACC7B2B006D1E74 /* CivilWarDrivingTourTests.swift */ = {isa = PBXFileReference; lastKnownFileType = sourcecode.swift; path = CivilWarDrivingTourTests.swift; sourceTree = "<group>"; };
		95F793361AD30ECA006D1E74 /* Sites.plist */ = {isa = PBXFileReference; fileEncoding = 4; lastKnownFileType = text.plist.xml; name = Sites.plist; path = CivilWarDrivingTour/Sites.plist; sourceTree = "<group>"; };
/* End PBXFileReference section */

/* Begin PBXFrameworksBuildPhase section */
		95F7930C1ACC7B2B006D1E74 /* Frameworks */ = {
			isa = PBXFrameworksBuildPhase;
			buildActionMask = 2147483647;
			files = (
				940BEC3A1AE18F2E003329A2 /* libsqlite3.dylib in Frameworks */,
				940BEC381AE18F23003329A2 /* libz.dylib in Frameworks */,
				940BEC361AE18F1B003329A2 /* SystemConfiguration.framework in Frameworks */,
				940BEC341AE18F13003329A2 /* StoreKit.framework in Frameworks */,
				940BEC321AE18F0A003329A2 /* Security.framework in Frameworks */,
				940BEC301AE18F04003329A2 /* QuartzCore.framework in Frameworks */,
				940BEC2E1AE18EFB003329A2 /* MobileCoreServices.framework in Frameworks */,
				940BEC2C1AE18EF3003329A2 /* CoreLocation.framework in Frameworks */,
				940BEC2A1AE18EEB003329A2 /* CoreGraphics.framework in Frameworks */,
				940BEC281AE18EE3003329A2 /* CFNetwork.framework in Frameworks */,
				940BEC261AE18ED8003329A2 /* AudioToolbox.framework in Frameworks */,
				940BEC171AE18B50003329A2 /* MapKit.framework in Frameworks */,
				940BEC201AE18E97003329A2 /* Parse.framework in Frameworks */,
				940BEC241AE18E97003329A2 /* ParseUI.framework in Frameworks */,
				940BEC231AE18E97003329A2 /* ParseFacebookUtilsV4.framework in Frameworks */,
				940BEC1F1AE18E97003329A2 /* Bolts.framework in Frameworks */,
				940BEC221AE18E97003329A2 /* ParseFacebookUtils.framework in Frameworks */,
				940BEC211AE18E97003329A2 /* ParseCrashReporting.framework in Frameworks */,
			);
			runOnlyForDeploymentPostprocessing = 0;
		};
		95F793231ACC7B2B006D1E74 /* Frameworks */ = {
			isa = PBXFrameworksBuildPhase;
			buildActionMask = 2147483647;
			files = (
			);
			runOnlyForDeploymentPostprocessing = 0;
		};
/* End PBXFrameworksBuildPhase section */

/* Begin PBXGroup section */
		940BEC181AE18E54003329A2 /* Frameworks */ = {
			isa = PBXGroup;
			children = (
				940BEC391AE18F2E003329A2 /* libsqlite3.dylib */,
				940BEC371AE18F23003329A2 /* libz.dylib */,
				940BEC351AE18F1B003329A2 /* SystemConfiguration.framework */,
				940BEC331AE18F13003329A2 /* StoreKit.framework */,
				940BEC311AE18F0A003329A2 /* Security.framework */,
				940BEC2F1AE18F04003329A2 /* QuartzCore.framework */,
				940BEC2D1AE18EFB003329A2 /* MobileCoreServices.framework */,
				940BEC2B1AE18EF3003329A2 /* CoreLocation.framework */,
				940BEC291AE18EEB003329A2 /* CoreGraphics.framework */,
				940BEC271AE18EE3003329A2 /* CFNetwork.framework */,
				940BEC251AE18ED8003329A2 /* AudioToolbox.framework */,
				940BEC191AE18E97003329A2 /* Bolts.framework */,
				940BEC1A1AE18E97003329A2 /* Parse.framework */,
				940BEC1B1AE18E97003329A2 /* ParseCrashReporting.framework */,
				940BEC1C1AE18E97003329A2 /* ParseFacebookUtils.framework */,
				940BEC1D1AE18E97003329A2 /* ParseFacebookUtilsV4.framework */,
				940BEC1E1AE18E97003329A2 /* ParseUI.framework */,
				940BEC161AE18B50003329A2 /* MapKit.framework */,
			);
			name = Frameworks;
			sourceTree = "<group>";
		};
		952E7BB11ADC507200CD41BE /* Data */ = {
			isa = PBXGroup;
			children = (
				95F793361AD30ECA006D1E74 /* Sites.plist */,
			);
			name = Data;
			path = ..;
			sourceTree = "<group>";
		};
		952E7BB21ADC507E00CD41BE /* Tour Sites */ = {
			isa = PBXGroup;
			children = (
				95F793181ACC7B2B006D1E74 /* SitesTableViewController.swift */,
				952E7BB51ADC50F200CD41BE /* SiteInfoViewController.swift */,
				952E7BB71ADC523700CD41BE /* SiteTableViewCell.swift */,
				952E7BBB1AE07DB200CD41BE /* SitesWebViewController.swift */,
			);
			name = "Tour Sites";
			sourceTree = "<group>";
		};
		952E7BB31ADC508B00CD41BE /* Map */ = {
			isa = PBXGroup;
			children = (
				952E7BB91ADC53D700CD41BE /* SiteMapViewController.swift */,
			);
			name = Map;
			sourceTree = "<group>";
		};
		952E7BB41ADC509600CD41BE /* Home */ = {
			isa = PBXGroup;
			children = (
				95F793161ACC7B2B006D1E74 /* HomeViewController.swift */,
			);
			name = Home;
			sourceTree = "<group>";
		};
		95F793061ACC7B2B006D1E74 = {
			isa = PBXGroup;
			children = (
				940BEC3B1AE18F4D003329A2 /* CivilWarDrivingTour-Bridging-Header.h */,
				940BEC181AE18E54003329A2 /* Frameworks */,
				95F793111ACC7B2B006D1E74 /* CivilWarDrivingTour */,
				95F793291ACC7B2B006D1E74 /* CivilWarDrivingTourTests */,
				95F793101ACC7B2B006D1E74 /* Products */,
			);
			sourceTree = "<group>";
		};
		95F793101ACC7B2B006D1E74 /* Products */ = {
			isa = PBXGroup;
			children = (
				95F7930F1ACC7B2B006D1E74 /* CivilWarDrivingTour.app */,
				95F793261ACC7B2B006D1E74 /* CivilWarDrivingTourTests.xctest */,
			);
			name = Products;
			sourceTree = "<group>";
		};
		95F793111ACC7B2B006D1E74 /* CivilWarDrivingTour */ = {
			isa = PBXGroup;
			children = (
				952E7BB11ADC507200CD41BE /* Data */,
				95F793141ACC7B2B006D1E74 /* AppDelegate.swift */,
				952E7BB41ADC509600CD41BE /* Home */,
				952E7BB21ADC507E00CD41BE /* Tour Sites */,
				952E7BB31ADC508B00CD41BE /* Map */,
				95F7931A1ACC7B2B006D1E74 /* Main.storyboard */,
				95F7931D1ACC7B2B006D1E74 /* Images.xcassets */,
				95F7931F1ACC7B2B006D1E74 /* LaunchScreen.xib */,
				95F793121ACC7B2B006D1E74 /* Supporting Files */,
			);
			path = CivilWarDrivingTour;
			sourceTree = "<group>";
		};
		95F793121ACC7B2B006D1E74 /* Supporting Files */ = {
			isa = PBXGroup;
			children = (
				95F793131ACC7B2B006D1E74 /* Info.plist */,
			);
			name = "Supporting Files";
			sourceTree = "<group>";
		};
		95F793291ACC7B2B006D1E74 /* CivilWarDrivingTourTests */ = {
			isa = PBXGroup;
			children = (
				95F7932C1ACC7B2B006D1E74 /* CivilWarDrivingTourTests.swift */,
				95F7932A1ACC7B2B006D1E74 /* Supporting Files */,
			);
			path = CivilWarDrivingTourTests;
			sourceTree = "<group>";
		};
		95F7932A1ACC7B2B006D1E74 /* Supporting Files */ = {
			isa = PBXGroup;
			children = (
				95F7932B1ACC7B2B006D1E74 /* Info.plist */,
			);
			name = "Supporting Files";
			sourceTree = "<group>";
		};
/* End PBXGroup section */

/* Begin PBXNativeTarget section */
		95F7930E1ACC7B2B006D1E74 /* CivilWarDrivingTour */ = {
			isa = PBXNativeTarget;
			buildConfigurationList = 95F793301ACC7B2B006D1E74 /* Build configuration list for PBXNativeTarget "CivilWarDrivingTour" */;
			buildPhases = (
				95F7930B1ACC7B2B006D1E74 /* Sources */,
				95F7930C1ACC7B2B006D1E74 /* Frameworks */,
				95F7930D1ACC7B2B006D1E74 /* Resources */,
			);
			buildRules = (
			);
			dependencies = (
			);
			name = CivilWarDrivingTour;
			productName = CivilWarDrivingTour;
			productReference = 95F7930F1ACC7B2B006D1E74 /* CivilWarDrivingTour.app */;
			productType = "com.apple.product-type.application";
		};
		95F793251ACC7B2B006D1E74 /* CivilWarDrivingTourTests */ = {
			isa = PBXNativeTarget;
			buildConfigurationList = 95F793331ACC7B2B006D1E74 /* Build configuration list for PBXNativeTarget "CivilWarDrivingTourTests" */;
			buildPhases = (
				95F793221ACC7B2B006D1E74 /* Sources */,
				95F793231ACC7B2B006D1E74 /* Frameworks */,
				95F793241ACC7B2B006D1E74 /* Resources */,
			);
			buildRules = (
			);
			dependencies = (
				95F793281ACC7B2B006D1E74 /* PBXTargetDependency */,
			);
			name = CivilWarDrivingTourTests;
			productName = CivilWarDrivingTourTests;
			productReference = 95F793261ACC7B2B006D1E74 /* CivilWarDrivingTourTests.xctest */;
			productType = "com.apple.product-type.bundle.unit-test";
		};
/* End PBXNativeTarget section */

/* Begin PBXProject section */
		95F793071ACC7B2B006D1E74 /* Project object */ = {
			isa = PBXProject;
			attributes = {
				LastUpgradeCheck = 0620;
				ORGANIZATIONNAME = KoolKatz;
				TargetAttributes = {
					95F7930E1ACC7B2B006D1E74 = {
						CreatedOnToolsVersion = 6.2;
					};
					95F793251ACC7B2B006D1E74 = {
						CreatedOnToolsVersion = 6.2;
						TestTargetID = 95F7930E1ACC7B2B006D1E74;
					};
				};
			};
			buildConfigurationList = 95F7930A1ACC7B2B006D1E74 /* Build configuration list for PBXProject "CivilWarDrivingTour" */;
			compatibilityVersion = "Xcode 3.2";
			developmentRegion = English;
			hasScannedForEncodings = 0;
			knownRegions = (
				en,
				Base,
			);
			mainGroup = 95F793061ACC7B2B006D1E74;
			productRefGroup = 95F793101ACC7B2B006D1E74 /* Products */;
			projectDirPath = "";
			projectRoot = "";
			targets = (
				95F7930E1ACC7B2B006D1E74 /* CivilWarDrivingTour */,
				95F793251ACC7B2B006D1E74 /* CivilWarDrivingTourTests */,
			);
		};
/* End PBXProject section */

/* Begin PBXResourcesBuildPhase section */
		95F7930D1ACC7B2B006D1E74 /* Resources */ = {
			isa = PBXResourcesBuildPhase;
			buildActionMask = 2147483647;
			files = (
				95F7931C1ACC7B2B006D1E74 /* Main.storyboard in Resources */,
				95F793371AD30ECA006D1E74 /* Sites.plist in Resources */,
				95F793211ACC7B2B006D1E74 /* LaunchScreen.xib in Resources */,
				95F7931E1ACC7B2B006D1E74 /* Images.xcassets in Resources */,
			);
			runOnlyForDeploymentPostprocessing = 0;
		};
		95F793241ACC7B2B006D1E74 /* Resources */ = {
			isa = PBXResourcesBuildPhase;
			buildActionMask = 2147483647;
			files = (
			);
			runOnlyForDeploymentPostprocessing = 0;
		};
/* End PBXResourcesBuildPhase section */

/* Begin PBXSourcesBuildPhase section */
		95F7930B1ACC7B2B006D1E74 /* Sources */ = {
			isa = PBXSourcesBuildPhase;
			buildActionMask = 2147483647;
			files = (
				95F793191ACC7B2B006D1E74 /* SitesTableViewController.swift in Sources */,
				95F793151ACC7B2B006D1E74 /* AppDelegate.swift in Sources */,
				952E7BB81ADC523700CD41BE /* SiteTableViewCell.swift in Sources */,
				95F793171ACC7B2B006D1E74 /* HomeViewController.swift in Sources */,
				952E7BBC1AE07DB200CD41BE /* SitesWebViewController.swift in Sources */,
				952E7BBA1ADC53D700CD41BE /* SiteMapViewController.swift in Sources */,
				952E7BB61ADC50F200CD41BE /* SiteInfoViewController.swift in Sources */,
			);
			runOnlyForDeploymentPostprocessing = 0;
		};
		95F793221ACC7B2B006D1E74 /* Sources */ = {
			isa = PBXSourcesBuildPhase;
			buildActionMask = 2147483647;
			files = (
				95F7932D1ACC7B2B006D1E74 /* CivilWarDrivingTourTests.swift in Sources */,
			);
			runOnlyForDeploymentPostprocessing = 0;
		};
/* End PBXSourcesBuildPhase section */

/* Begin PBXTargetDependency section */
		95F793281ACC7B2B006D1E74 /* PBXTargetDependency */ = {
			isa = PBXTargetDependency;
			target = 95F7930E1ACC7B2B006D1E74 /* CivilWarDrivingTour */;
			targetProxy = 95F793271ACC7B2B006D1E74 /* PBXContainerItemProxy */;
		};
/* End PBXTargetDependency section */

/* Begin PBXVariantGroup section */
		95F7931A1ACC7B2B006D1E74 /* Main.storyboard */ = {
			isa = PBXVariantGroup;
			children = (
				95F7931B1ACC7B2B006D1E74 /* Base */,
			);
			name = Main.storyboard;
			sourceTree = "<group>";
		};
		95F7931F1ACC7B2B006D1E74 /* LaunchScreen.xib */ = {
			isa = PBXVariantGroup;
			children = (
				95F793201ACC7B2B006D1E74 /* Base */,
			);
			name = LaunchScreen.xib;
			sourceTree = "<group>";
		};
/* End PBXVariantGroup section */

/* Begin XCBuildConfiguration section */
		95F7932E1ACC7B2B006D1E74 /* Debug */ = {
			isa = XCBuildConfiguration;
			buildSettings = {
				ALWAYS_SEARCH_USER_PATHS = NO;
				CLANG_CXX_LANGUAGE_STANDARD = "gnu++0x";
				CLANG_CXX_LIBRARY = "libc++";
				CLANG_ENABLE_MODULES = YES;
				CLANG_ENABLE_OBJC_ARC = YES;
				CLANG_WARN_BOOL_CONVERSION = YES;
				CLANG_WARN_CONSTANT_CONVERSION = YES;
				CLANG_WARN_DIRECT_OBJC_ISA_USAGE = YES_ERROR;
				CLANG_WARN_EMPTY_BODY = YES;
				CLANG_WARN_ENUM_CONVERSION = YES;
				CLANG_WARN_INT_CONVERSION = YES;
				CLANG_WARN_OBJC_ROOT_CLASS = YES_ERROR;
				CLANG_WARN_UNREACHABLE_CODE = YES;
				CLANG_WARN__DUPLICATE_METHOD_MATCH = YES;
				"CODE_SIGN_IDENTITY[sdk=iphoneos*]" = "iPhone Developer";
				COPY_PHASE_STRIP = NO;
				ENABLE_STRICT_OBJC_MSGSEND = YES;
				GCC_C_LANGUAGE_STANDARD = gnu99;
				GCC_DYNAMIC_NO_PIC = NO;
				GCC_OPTIMIZATION_LEVEL = 0;
				GCC_PREPROCESSOR_DEFINITIONS = (
					"DEBUG=1",
					"$(inherited)",
				);
				GCC_SYMBOLS_PRIVATE_EXTERN = NO;
				GCC_WARN_64_TO_32_BIT_CONVERSION = YES;
				GCC_WARN_ABOUT_RETURN_TYPE = YES_ERROR;
				GCC_WARN_UNDECLARED_SELECTOR = YES;
				GCC_WARN_UNINITIALIZED_AUTOS = YES_AGGRESSIVE;
				GCC_WARN_UNUSED_FUNCTION = YES;
				GCC_WARN_UNUSED_VARIABLE = YES;
				IPHONEOS_DEPLOYMENT_TARGET = 8.2;
				MTL_ENABLE_DEBUG_INFO = YES;
				ONLY_ACTIVE_ARCH = YES;
				SDKROOT = iphoneos;
				SWIFT_OPTIMIZATION_LEVEL = "-Onone";
			};
			name = Debug;
		};
		95F7932F1ACC7B2B006D1E74 /* Release */ = {
			isa = XCBuildConfiguration;
			buildSettings = {
				ALWAYS_SEARCH_USER_PATHS = NO;
				CLANG_CXX_LANGUAGE_STANDARD = "gnu++0x";
				CLANG_CXX_LIBRARY = "libc++";
				CLANG_ENABLE_MODULES = YES;
				CLANG_ENABLE_OBJC_ARC = YES;
				CLANG_WARN_BOOL_CONVERSION = YES;
				CLANG_WARN_CONSTANT_CONVERSION = YES;
				CLANG_WARN_DIRECT_OBJC_ISA_USAGE = YES_ERROR;
				CLANG_WARN_EMPTY_BODY = YES;
				CLANG_WARN_ENUM_CONVERSION = YES;
				CLANG_WARN_INT_CONVERSION = YES;
				CLANG_WARN_OBJC_ROOT_CLASS = YES_ERROR;
				CLANG_WARN_UNREACHABLE_CODE = YES;
				CLANG_WARN__DUPLICATE_METHOD_MATCH = YES;
				"CODE_SIGN_IDENTITY[sdk=iphoneos*]" = "iPhone Developer";
				COPY_PHASE_STRIP = NO;
				ENABLE_NS_ASSERTIONS = NO;
				ENABLE_STRICT_OBJC_MSGSEND = YES;
				GCC_C_LANGUAGE_STANDARD = gnu99;
				GCC_WARN_64_TO_32_BIT_CONVERSION = YES;
				GCC_WARN_ABOUT_RETURN_TYPE = YES_ERROR;
				GCC_WARN_UNDECLARED_SELECTOR = YES;
				GCC_WARN_UNINITIALIZED_AUTOS = YES_AGGRESSIVE;
				GCC_WARN_UNUSED_FUNCTION = YES;
				GCC_WARN_UNUSED_VARIABLE = YES;
				IPHONEOS_DEPLOYMENT_TARGET = 8.2;
				MTL_ENABLE_DEBUG_INFO = NO;
				SDKROOT = iphoneos;
				VALIDATE_PRODUCT = YES;
			};
			name = Release;
		};
		95F793311ACC7B2B006D1E74 /* Debug */ = {
			isa = XCBuildConfiguration;
			buildSettings = {
				ASSETCATALOG_COMPILER_APPICON_NAME = AppIcon;
				FRAMEWORK_SEARCH_PATHS = (
					"$(inherited)",
					"$(PROJECT_DIR)",
				);
				INFOPLIST_FILE = CivilWarDrivingTour/Info.plist;
				LD_RUNPATH_SEARCH_PATHS = "$(inherited) @executable_path/Frameworks";
				PRODUCT_NAME = "$(TARGET_NAME)";
				SWIFT_OBJC_BRIDGING_HEADER = "CivilWarDrivingTour-Bridging-Header.h";
			};
			name = Debug;
		};
		95F793321ACC7B2B006D1E74 /* Release */ = {
			isa = XCBuildConfiguration;
			buildSettings = {
				ASSETCATALOG_COMPILER_APPICON_NAME = AppIcon;
				FRAMEWORK_SEARCH_PATHS = (
					"$(inherited)",
					"$(PROJECT_DIR)",
				);
				INFOPLIST_FILE = CivilWarDrivingTour/Info.plist;
				LD_RUNPATH_SEARCH_PATHS = "$(inherited) @executable_path/Frameworks";
				PRODUCT_NAME = "$(TARGET_NAME)";
				SWIFT_OBJC_BRIDGING_HEADER = "CivilWarDrivingTour-Bridging-Header.h";
			};
			name = Release;
		};
		95F793341ACC7B2B006D1E74 /* Debug */ = {
			isa = XCBuildConfiguration;
			buildSettings = {
				BUNDLE_LOADER = "$(TEST_HOST)";
				FRAMEWORK_SEARCH_PATHS = (
					"$(SDKROOT)/Developer/Library/Frameworks",
					"$(inherited)",
				);
				GCC_PREPROCESSOR_DEFINITIONS = (
					"DEBUG=1",
					"$(inherited)",
				);
				INFOPLIST_FILE = CivilWarDrivingTourTests/Info.plist;
				LD_RUNPATH_SEARCH_PATHS = "$(inherited) @executable_path/Frameworks @loader_path/Frameworks";
				PRODUCT_NAME = "$(TARGET_NAME)";
				TEST_HOST = "$(BUILT_PRODUCTS_DIR)/CivilWarDrivingTour.app/CivilWarDrivingTour";
			};
			name = Debug;
		};
		95F793351ACC7B2B006D1E74 /* Release */ = {
			isa = XCBuildConfiguration;
			buildSettings = {
				BUNDLE_LOADER = "$(TEST_HOST)";
				FRAMEWORK_SEARCH_PATHS = (
					"$(SDKROOT)/Developer/Library/Frameworks",
					"$(inherited)",
				);
				INFOPLIST_FILE = CivilWarDrivingTourTests/Info.plist;
				LD_RUNPATH_SEARCH_PATHS = "$(inherited) @executable_path/Frameworks @loader_path/Frameworks";
				PRODUCT_NAME = "$(TARGET_NAME)";
				TEST_HOST = "$(BUILT_PRODUCTS_DIR)/CivilWarDrivingTour.app/CivilWarDrivingTour";
			};
			name = Release;
		};
/* End XCBuildConfiguration section */

/* Begin XCConfigurationList section */
		95F7930A1ACC7B2B006D1E74 /* Build configuration list for PBXProject "CivilWarDrivingTour" */ = {
			isa = XCConfigurationList;
			buildConfigurations = (
				95F7932E1ACC7B2B006D1E74 /* Debug */,
				95F7932F1ACC7B2B006D1E74 /* Release */,
			);
			defaultConfigurationIsVisible = 0;
			defaultConfigurationName = Release;
		};
		95F793301ACC7B2B006D1E74 /* Build configuration list for PBXNativeTarget "CivilWarDrivingTour" */ = {
			isa = XCConfigurationList;
			buildConfigurations = (
				95F793311ACC7B2B006D1E74 /* Debug */,
				95F793321ACC7B2B006D1E74 /* Release */,
			);
			defaultConfigurationIsVisible = 0;
			defaultConfigurationName = Release;
		};
		95F793331ACC7B2B006D1E74 /* Build configuration list for PBXNativeTarget "CivilWarDrivingTourTests" */ = {
			isa = XCConfigurationList;
			buildConfigurations = (
				95F793341ACC7B2B006D1E74 /* Debug */,
				95F793351ACC7B2B006D1E74 /* Release */,
			);
			defaultConfigurationIsVisible = 0;
			defaultConfigurationName = Release;
		};
/* End XCConfigurationList section */
	};
	rootObject = 95F793071ACC7B2B006D1E74 /* Project object */;
}
